// !$*UTF8*$!
{
	archiveVersion = 1;
	classes = {
	};
	objectVersion = 50;
	objects = {

/* Begin PBXBuildFile section */
		6B63E37726484D7E00596DAF /* Queue.swift in Sources */ = {isa = PBXBuildFile; fileRef = 6B63E37626484D7E00596DAF /* Queue.swift */; };
		6B76CE08265A35E00024627A /* FileIO.swift in Sources */ = {isa = PBXBuildFile; fileRef = 6B76CE07265A35E00024627A /* FileIO.swift */; };
		6B9527552619B82F00F820ED /* LinkedList.swift in Sources */ = {isa = PBXBuildFile; fileRef = 6B9527452619B00600F820ED /* LinkedList.swift */; };
		6B9527572619B83000F820ED /* Container.swift in Sources */ = {isa = PBXBuildFile; fileRef = 6B95274C2619B6B500F820ED /* Container.swift */; };
		6BB5C13726639CDF00D80869 /* main.swift in Sources */ = {isa = PBXBuildFile; fileRef = 6BB5C13626639CDF00D80869 /* main.swift */; };
/* End PBXBuildFile section */

/* Begin PBXCopyFilesBuildPhase section */
		6B17C478260F149B00AEC4BD /* CopyFiles */ = {
			isa = PBXCopyFilesBuildPhase;
			buildActionMask = 2147483647;
			dstPath = /usr/share/man/man1/;
			dstSubfolderSpec = 0;
			files = (
			);
			runOnlyForDeploymentPostprocessing = 1;
		};
/* End PBXCopyFilesBuildPhase section */

/* Begin PBXFileReference section */
		6B17C47A260F149B00AEC4BD /* AlgoStudy */ = {isa = PBXFileReference; explicitFileType = "compiled.mach-o.executable"; includeInIndex = 0; path = AlgoStudy; sourceTree = BUILT_PRODUCTS_DIR; };
		6B17C47D260F149B00AEC4BD /* A+B.swift */ = {isa = PBXFileReference; lastKnownFileType = sourcecode.swift; path = "A+B.swift"; sourceTree = "<group>"; };
		6B17C485260F52A800AEC4BD /* HelloWorld.swift */ = {isa = PBXFileReference; lastKnownFileType = sourcecode.swift; path = HelloWorld.swift; sourceTree = "<group>"; };
		6B17C48A260F54C000AEC4BD /* Cat.swift */ = {isa = PBXFileReference; lastKnownFileType = sourcecode.swift; path = Cat.swift; sourceTree = "<group>"; };
		6B17C492260F567000AEC4BD /* FourRuleCalculations.swift */ = {isa = PBXFileReference; lastKnownFileType = sourcecode.swift; path = FourRuleCalculations.swift; sourceTree = "<group>"; };
		6B17C499260F590A00AEC4BD /* NumberLessThenX.swift */ = {isa = PBXFileReference; lastKnownFileType = sourcecode.swift; path = NumberLessThenX.swift; sourceTree = "<group>"; };
		6B17C49E260F6E0E00AEC4BD /* ExamScore.swift */ = {isa = PBXFileReference; lastKnownFileType = sourcecode.swift; path = ExamScore.swift; sourceTree = "<group>"; };
		6B17C4A4260F719A00AEC4BD /* SortingWhenWashFace.swift */ = {isa = PBXFileReference; lastKnownFileType = sourcecode.swift; path = SortingWhenWashFace.swift; sourceTree = "<group>"; };
		6B17C4B1260F787100AEC4BD /* LeapYear.swift */ = {isa = PBXFileReference; lastKnownFileType = sourcecode.swift; path = LeapYear.swift; sourceTree = "<group>"; };
		6B17C4B6260F7B2E00AEC4BD /* ThreeDices.swift */ = {isa = PBXFileReference; lastKnownFileType = sourcecode.swift; path = ThreeDices.swift; sourceTree = "<group>"; };
		6B17C4BA260F8B6700AEC4BD /* PrintStars1.swift */ = {isa = PBXFileReference; lastKnownFileType = sourcecode.swift; path = PrintStars1.swift; sourceTree = "<group>"; };
		6B17C4BF260F905500AEC4BD /* PrintStars2.swift */ = {isa = PBXFileReference; lastKnownFileType = sourcecode.swift; path = PrintStars2.swift; sourceTree = "<group>"; };
		6B17C4C5260F931E00AEC4BD /* PrintStars3.swift */ = {isa = PBXFileReference; lastKnownFileType = sourcecode.swift; path = PrintStars3.swift; sourceTree = "<group>"; };
		6B17C4C9260F940100AEC4BD /* PrintStars4.swift */ = {isa = PBXFileReference; lastKnownFileType = sourcecode.swift; path = PrintStars4.swift; sourceTree = "<group>"; };
		6B472E69264C053B009C6F8A /* DevelopFeature.swift */ = {isa = PBXFileReference; lastKnownFileType = sourcecode.swift; path = DevelopFeature.swift; sourceTree = "<group>"; };
		6B63E36C2647EA8A00596DAF /* Queue2.swift */ = {isa = PBXFileReference; lastKnownFileType = sourcecode.swift; path = Queue2.swift; sourceTree = "<group>"; };
		6B63E3732648498600596DAF /* Card2.swift */ = {isa = PBXFileReference; lastKnownFileType = sourcecode.swift; path = Card2.swift; sourceTree = "<group>"; };
		6B63E37626484D7E00596DAF /* Queue.swift */ = {isa = PBXFileReference; lastKnownFileType = sourcecode.swift; path = Queue.swift; sourceTree = "<group>"; };
		6B64CCAD262DA1B600401452 /* Tower.swift */ = {isa = PBXFileReference; lastKnownFileType = sourcecode.swift; path = Tower.swift; sourceTree = "<group>"; };
		6B76CE07265A35E00024627A /* FileIO.swift */ = {isa = PBXFileReference; lastKnownFileType = sourcecode.swift; path = FileIO.swift; sourceTree = "<group>"; };
		6B76CE0A265A4A630024627A /* BalancedWorld.swift */ = {isa = PBXFileReference; lastKnownFileType = sourcecode.swift; path = BalancedWorld.swift; sourceTree = "<group>"; };
		6B76CE0C265A7C6D0024627A /* IronStick.swift */ = {isa = PBXFileReference; lastKnownFileType = sourcecode.swift; path = IronStick.swift; sourceTree = "<group>"; };
		6B76CE0E265A8FD90024627A /* Parenthesis.swift */ = {isa = PBXFileReference; lastKnownFileType = sourcecode.swift; path = Parenthesis.swift; sourceTree = "<group>"; };
		6B76CE10265A97380024627A /* StableString.swift */ = {isa = PBXFileReference; lastKnownFileType = sourcecode.swift; path = StableString.swift; sourceTree = "<group>"; };
		6B76CE12265AA1A90024627A /* valueOfParenthesis.swift */ = {isa = PBXFileReference; lastKnownFileType = sourcecode.swift; path = valueOfParenthesis.swift; sourceTree = "<group>"; };
		6B86299B266270F600FFFA5F /* Drawing.swift */ = {isa = PBXFileReference; lastKnownFileType = sourcecode.swift; path = Drawing.swift; sourceTree = "<group>"; };
		6B95273526195E9C00F820ED /* Strfry.swift */ = {isa = PBXFileReference; lastKnownFileType = sourcecode.swift; path = Strfry.swift; sourceTree = "<group>"; };
		6B95273B2619663000F820ED /* RoomNumber.swift */ = {isa = PBXFileReference; lastKnownFileType = sourcecode.swift; path = RoomNumber.swift; sourceTree = "<group>"; };
		6B95274026197D3100F820ED /* SumOfTwoNumbers.swift */ = {isa = PBXFileReference; lastKnownFileType = sourcecode.swift; path = SumOfTwoNumbers.swift; sourceTree = "<group>"; };
		6B9527452619B00600F820ED /* LinkedList.swift */ = {isa = PBXFileReference; lastKnownFileType = sourcecode.swift; path = LinkedList.swift; sourceTree = "<group>"; };
		6B95274C2619B6B500F820ED /* Container.swift */ = {isa = PBXFileReference; lastKnownFileType = sourcecode.swift; path = Container.swift; sourceTree = "<group>"; };
		6B9527502619B7DB00F820ED /* StackExample.swift */ = {isa = PBXFileReference; lastKnownFileType = sourcecode.swift; path = StackExample.swift; sourceTree = "<group>"; };
		6B95275A2619B99D00F820ED /* LinkedListExample.swift */ = {isa = PBXFileReference; lastKnownFileType = sourcecode.swift; path = LinkedListExample.swift; sourceTree = "<group>"; };
		6BA67DE726228C5800D3E64A /* KeyLogger.swift */ = {isa = PBXFileReference; lastKnownFileType = sourcecode.swift; path = KeyLogger.swift; sourceTree = "<group>"; };
		6BA67DED2622A81100D3E64A /* JosephusPermutation.swift */ = {isa = PBXFileReference; lastKnownFileType = sourcecode.swift; path = JosephusPermutation.swift; sourceTree = "<group>"; };
		6BAC1ADC264FE15200A42C88 /* Deque.swift */ = {isa = PBXFileReference; lastKnownFileType = sourcecode.swift; path = Deque.swift; sourceTree = "<group>"; };
		6BAC1ADE2650174F00A42C88 /* RotatingQueue.swift */ = {isa = PBXFileReference; lastKnownFileType = sourcecode.swift; path = RotatingQueue.swift; sourceTree = "<group>"; };
		6BAC1AE12650476E00A42C88 /* AC.swift */ = {isa = PBXFileReference; lastKnownFileType = sourcecode.swift; path = AC.swift; sourceTree = "<group>"; };
		6BB5C13626639CDF00D80869 /* main.swift */ = {isa = PBXFileReference; lastKnownFileType = sourcecode.swift; path = main.swift; sourceTree = "<group>"; };
		6BBA9F3E262C59630059FFEB /* Stack.swift */ = {isa = PBXFileReference; lastKnownFileType = sourcecode.swift; path = Stack.swift; sourceTree = "<group>"; };
		6BBA9F43262C66F60059FFEB /* Zero.swift */ = {isa = PBXFileReference; lastKnownFileType = sourcecode.swift; path = Zero.swift; sourceTree = "<group>"; };
		6BBA9F49262C715E0059FFEB /* StackSequence.swift */ = {isa = PBXFileReference; lastKnownFileType = sourcecode.swift; path = StackSequence.swift; sourceTree = "<group>"; };
		6BBE88B426189223000BC102 /* Number.swift */ = {isa = PBXFileReference; lastKnownFileType = sourcecode.swift; path = Number.swift; sourceTree = "<group>"; };
		6BBE88B92618A264000BC102 /* PhoneFee.swift */ = {isa = PBXFileReference; lastKnownFileType = sourcecode.swift; path = PhoneFee.swift; sourceTree = "<group>"; };
		6BBE88BE2618D44B000BC102 /* SevenDwarfs.swift */ = {isa = PBXFileReference; lastKnownFileType = sourcecode.swift; path = SevenDwarfs.swift; sourceTree = "<group>"; };
		6BC0CBC42621D2B6000A2B4A /* Editor.swift */ = {isa = PBXFileReference; lastKnownFileType = sourcecode.swift; path = Editor.swift; sourceTree = "<group>"; };
		E65094572631089000DA4E1A /* DecoratingTheRoofGarden.swift */ = {isa = PBXFileReference; lastKnownFileType = sourcecode.swift; path = DecoratingTheRoofGarden.swift; sourceTree = "<group>"; };
/* End PBXFileReference section */

/* Begin PBXFrameworksBuildPhase section */
		6B17C477260F149B00AEC4BD /* Frameworks */ = {
			isa = PBXFrameworksBuildPhase;
			buildActionMask = 2147483647;
			files = (
			);
			runOnlyForDeploymentPostprocessing = 0;
		};
/* End PBXFrameworksBuildPhase section */

/* Begin PBXGroup section */
		6B17C471260F149B00AEC4BD = {
			isa = PBXGroup;
			children = (
				6B17C47C260F149B00AEC4BD /* AlgoStudy */,
				6B17C47B260F149B00AEC4BD /* Products */,
			);
			sourceTree = "<group>";
		};
		6B17C47B260F149B00AEC4BD /* Products */ = {
			isa = PBXGroup;
			children = (
				6B17C47A260F149B00AEC4BD /* AlgoStudy */,
			);
			name = Products;
			sourceTree = "<group>";
		};
		6B17C47C260F149B00AEC4BD /* AlgoStudy */ = {
			isa = PBXGroup;
			children = (
				6B86299A266270C600FFFA5F /* BreadthFirstSearch */,
				6B76CE09265A49810024627A /* UseOfTheStack */,
				6BAC1ADB264FE14100A42C88 /* Deque */,
				6B63E36B2647EA7F00596DAF /* Queue */,
				6BBA9F3C262C59390059FFEB /* Stack */,
				6BC0CBC12621D238000A2B4A /* LinkedList */,
				6B9527442619AFEE00F820ED /* DataStructures */,
				6BBE88B1261891CB000BC102 /* Array */,
				6B17C4CC260F940500AEC4BD /* BasicTips */,
				6B76CE07265A35E00024627A /* FileIO.swift */,
			);
			path = AlgoStudy;
			sourceTree = "<group>";
		};
		6B17C4CC260F940500AEC4BD /* BasicTips */ = {
			isa = PBXGroup;
			children = (
				6B17C47D260F149B00AEC4BD /* A+B.swift */,
				6B17C485260F52A800AEC4BD /* HelloWorld.swift */,
				6B17C48A260F54C000AEC4BD /* Cat.swift */,
				6B17C492260F567000AEC4BD /* FourRuleCalculations.swift */,
				6B17C499260F590A00AEC4BD /* NumberLessThenX.swift */,
				6B17C49E260F6E0E00AEC4BD /* ExamScore.swift */,
				6B17C4A4260F719A00AEC4BD /* SortingWhenWashFace.swift */,
				6B17C4B1260F787100AEC4BD /* LeapYear.swift */,
				6B17C4B6260F7B2E00AEC4BD /* ThreeDices.swift */,
				6B17C4BA260F8B6700AEC4BD /* PrintStars1.swift */,
				6B17C4BF260F905500AEC4BD /* PrintStars2.swift */,
				6B17C4C5260F931E00AEC4BD /* PrintStars3.swift */,
				6B17C4C9260F940100AEC4BD /* PrintStars4.swift */,
				6BBE88B426189223000BC102 /* Number.swift */,
				6BBE88B92618A264000BC102 /* PhoneFee.swift */,
				6BBE88BE2618D44B000BC102 /* SevenDwarfs.swift */,
			);
			path = BasicTips;
			sourceTree = "<group>";
		};
		6B63E36B2647EA7F00596DAF /* Queue */ = {
			isa = PBXGroup;
			children = (
				6B63E36C2647EA8A00596DAF /* Queue2.swift */,
				6B63E3732648498600596DAF /* Card2.swift */,
				6B472E69264C053B009C6F8A /* DevelopFeature.swift */,
			);
			path = Queue;
			sourceTree = "<group>";
		};
		6B76CE09265A49810024627A /* UseOfTheStack */ = {
			isa = PBXGroup;
			children = (
				6B76CE0A265A4A630024627A /* BalancedWorld.swift */,
				6B76CE0C265A7C6D0024627A /* IronStick.swift */,
				6B76CE0E265A8FD90024627A /* Parenthesis.swift */,
				6B76CE10265A97380024627A /* StableString.swift */,
				6B76CE12265AA1A90024627A /* valueOfParenthesis.swift */,
			);
			path = UseOfTheStack;
			sourceTree = "<group>";
		};
		6B86299A266270C600FFFA5F /* BreadthFirstSearch */ = {
			isa = PBXGroup;
			children = (
				6B86299B266270F600FFFA5F /* Drawing.swift */,
				6BB5C13626639CDF00D80869 /* main.swift */,
			);
			path = BreadthFirstSearch;
			sourceTree = "<group>";
		};
		6B9527442619AFEE00F820ED /* DataStructures */ = {
			isa = PBXGroup;
			children = (
				6B9527452619B00600F820ED /* LinkedList.swift */,
				6B95274C2619B6B500F820ED /* Container.swift */,
				6B9527502619B7DB00F820ED /* StackExample.swift */,
				6B95275A2619B99D00F820ED /* LinkedListExample.swift */,
				6B63E37626484D7E00596DAF /* Queue.swift */,
			);
			path = DataStructures;
			sourceTree = "<group>";
		};
		6BAC1ADB264FE14100A42C88 /* Deque */ = {
			isa = PBXGroup;
			children = (
				6BAC1ADC264FE15200A42C88 /* Deque.swift */,
				6BAC1ADE2650174F00A42C88 /* RotatingQueue.swift */,
				6BAC1AE12650476E00A42C88 /* AC.swift */,
			);
			path = Deque;
			sourceTree = "<group>";
		};
		6BBA9F3C262C59390059FFEB /* Stack */ = {
			isa = PBXGroup;
			children = (
				6BBA9F3E262C59630059FFEB /* Stack.swift */,
				6BBA9F43262C66F60059FFEB /* Zero.swift */,
				6BBA9F49262C715E0059FFEB /* StackSequence.swift */,
				6B64CCAD262DA1B600401452 /* Tower.swift */,
				E65094572631089000DA4E1A /* DecoratingTheRoofGarden.swift */,
			);
			path = Stack;
			sourceTree = "<group>";
		};
		6BBE88B1261891CB000BC102 /* Array */ = {
			isa = PBXGroup;
			children = (
				6B95273526195E9C00F820ED /* Strfry.swift */,
				6B95273B2619663000F820ED /* RoomNumber.swift */,
				6B95274026197D3100F820ED /* SumOfTwoNumbers.swift */,
			);
			path = Array;
			sourceTree = "<group>";
		};
		6BC0CBC12621D238000A2B4A /* LinkedList */ = {
			isa = PBXGroup;
			children = (
				6BC0CBC42621D2B6000A2B4A /* Editor.swift */,
				6BA67DE726228C5800D3E64A /* KeyLogger.swift */,
				6BA67DED2622A81100D3E64A /* JosephusPermutation.swift */,
			);
			path = LinkedList;
			sourceTree = "<group>";
		};
/* End PBXGroup section */

/* Begin PBXNativeTarget section */
		6B17C479260F149B00AEC4BD /* AlgoStudy */ = {
			isa = PBXNativeTarget;
			buildConfigurationList = 6B17C481260F149B00AEC4BD /* Build configuration list for PBXNativeTarget "AlgoStudy" */;
			buildPhases = (
				6B17C476260F149B00AEC4BD /* Sources */,
				6B17C477260F149B00AEC4BD /* Frameworks */,
				6B17C478260F149B00AEC4BD /* CopyFiles */,
			);
			buildRules = (
			);
			dependencies = (
			);
			name = AlgoStudy;
			productName = AlgoStudy;
			productReference = 6B17C47A260F149B00AEC4BD /* AlgoStudy */;
			productType = "com.apple.product-type.tool";
		};
/* End PBXNativeTarget section */

/* Begin PBXProject section */
		6B17C472260F149B00AEC4BD /* Project object */ = {
			isa = PBXProject;
			attributes = {
				LastSwiftUpdateCheck = 1240;
				LastUpgradeCheck = 1240;
				TargetAttributes = {
					6B17C479260F149B00AEC4BD = {
						CreatedOnToolsVersion = 12.4;
					};
				};
			};
			buildConfigurationList = 6B17C475260F149B00AEC4BD /* Build configuration list for PBXProject "AlgoStudy" */;
			compatibilityVersion = "Xcode 9.3";
			developmentRegion = en;
			hasScannedForEncodings = 0;
			knownRegions = (
				en,
				Base,
			);
			mainGroup = 6B17C471260F149B00AEC4BD;
			productRefGroup = 6B17C47B260F149B00AEC4BD /* Products */;
			projectDirPath = "";
			projectRoot = "";
			targets = (
				6B17C479260F149B00AEC4BD /* AlgoStudy */,
			);
		};
/* End PBXProject section */

/* Begin PBXSourcesBuildPhase section */
		6B17C476260F149B00AEC4BD /* Sources */ = {
			isa = PBXSourcesBuildPhase;
			buildActionMask = 2147483647;
			files = (
				6B9527552619B82F00F820ED /* LinkedList.swift in Sources */,
				6BB5C13726639CDF00D80869 /* main.swift in Sources */,
				6B9527572619B83000F820ED /* Container.swift in Sources */,
				6B63E37726484D7E00596DAF /* Queue.swift in Sources */,
				6B76CE08265A35E00024627A /* FileIO.swift in Sources */,
			);
			runOnlyForDeploymentPostprocessing = 0;
		};
/* End PBXSourcesBuildPhase section */

/* Begin XCBuildConfiguration section */
		6B17C47F260F149B00AEC4BD /* Debug */ = {
			isa = XCBuildConfiguration;
			buildSettings = {
				ALWAYS_SEARCH_USER_PATHS = NO;
				CLANG_ANALYZER_NONNULL = YES;
				CLANG_ANALYZER_NUMBER_OBJECT_CONVERSION = YES_AGGRESSIVE;
				CLANG_CXX_LANGUAGE_STANDARD = "gnu++14";
				CLANG_CXX_LIBRARY = "libc++";
				CLANG_ENABLE_MODULES = YES;
				CLANG_ENABLE_OBJC_ARC = YES;
				CLANG_ENABLE_OBJC_WEAK = YES;
				CLANG_WARN_BLOCK_CAPTURE_AUTORELEASING = YES;
				CLANG_WARN_BOOL_CONVERSION = YES;
				CLANG_WARN_COMMA = YES;
				CLANG_WARN_CONSTANT_CONVERSION = YES;
				CLANG_WARN_DEPRECATED_OBJC_IMPLEMENTATIONS = YES;
				CLANG_WARN_DIRECT_OBJC_ISA_USAGE = YES_ERROR;
				CLANG_WARN_DOCUMENTATION_COMMENTS = YES;
				CLANG_WARN_EMPTY_BODY = YES;
				CLANG_WARN_ENUM_CONVERSION = YES;
				CLANG_WARN_INFINITE_RECURSION = YES;
				CLANG_WARN_INT_CONVERSION = YES;
				CLANG_WARN_NON_LITERAL_NULL_CONVERSION = YES;
				CLANG_WARN_OBJC_IMPLICIT_RETAIN_SELF = YES;
				CLANG_WARN_OBJC_LITERAL_CONVERSION = YES;
				CLANG_WARN_OBJC_ROOT_CLASS = YES_ERROR;
				CLANG_WARN_QUOTED_INCLUDE_IN_FRAMEWORK_HEADER = YES;
				CLANG_WARN_RANGE_LOOP_ANALYSIS = YES;
				CLANG_WARN_STRICT_PROTOTYPES = YES;
				CLANG_WARN_SUSPICIOUS_MOVE = YES;
				CLANG_WARN_UNGUARDED_AVAILABILITY = YES_AGGRESSIVE;
				CLANG_WARN_UNREACHABLE_CODE = YES;
				CLANG_WARN__DUPLICATE_METHOD_MATCH = YES;
				COPY_PHASE_STRIP = NO;
				DEBUG_INFORMATION_FORMAT = dwarf;
				ENABLE_STRICT_OBJC_MSGSEND = YES;
				ENABLE_TESTABILITY = YES;
				GCC_C_LANGUAGE_STANDARD = gnu11;
				GCC_DYNAMIC_NO_PIC = NO;
				GCC_NO_COMMON_BLOCKS = YES;
				GCC_OPTIMIZATION_LEVEL = 0;
				GCC_PREPROCESSOR_DEFINITIONS = (
					"DEBUG=1",
					"$(inherited)",
				);
				GCC_WARN_64_TO_32_BIT_CONVERSION = YES;
				GCC_WARN_ABOUT_RETURN_TYPE = YES_ERROR;
				GCC_WARN_UNDECLARED_SELECTOR = YES;
				GCC_WARN_UNINITIALIZED_AUTOS = YES_AGGRESSIVE;
				GCC_WARN_UNUSED_FUNCTION = YES;
				GCC_WARN_UNUSED_VARIABLE = YES;
				MACOSX_DEPLOYMENT_TARGET = 11.1;
				MTL_ENABLE_DEBUG_INFO = INCLUDE_SOURCE;
				MTL_FAST_MATH = YES;
				ONLY_ACTIVE_ARCH = YES;
				SDKROOT = macosx;
				SWIFT_ACTIVE_COMPILATION_CONDITIONS = DEBUG;
				SWIFT_OPTIMIZATION_LEVEL = "-Onone";
			};
			name = Debug;
		};
		6B17C480260F149B00AEC4BD /* Release */ = {
			isa = XCBuildConfiguration;
			buildSettings = {
				ALWAYS_SEARCH_USER_PATHS = NO;
				CLANG_ANALYZER_NONNULL = YES;
				CLANG_ANALYZER_NUMBER_OBJECT_CONVERSION = YES_AGGRESSIVE;
				CLANG_CXX_LANGUAGE_STANDARD = "gnu++14";
				CLANG_CXX_LIBRARY = "libc++";
				CLANG_ENABLE_MODULES = YES;
				CLANG_ENABLE_OBJC_ARC = YES;
				CLANG_ENABLE_OBJC_WEAK = YES;
				CLANG_WARN_BLOCK_CAPTURE_AUTORELEASING = YES;
				CLANG_WARN_BOOL_CONVERSION = YES;
				CLANG_WARN_COMMA = YES;
				CLANG_WARN_CONSTANT_CONVERSION = YES;
				CLANG_WARN_DEPRECATED_OBJC_IMPLEMENTATIONS = YES;
				CLANG_WARN_DIRECT_OBJC_ISA_USAGE = YES_ERROR;
				CLANG_WARN_DOCUMENTATION_COMMENTS = YES;
				CLANG_WARN_EMPTY_BODY = YES;
				CLANG_WARN_ENUM_CONVERSION = YES;
				CLANG_WARN_INFINITE_RECURSION = YES;
				CLANG_WARN_INT_CONVERSION = YES;
				CLANG_WARN_NON_LITERAL_NULL_CONVERSION = YES;
				CLANG_WARN_OBJC_IMPLICIT_RETAIN_SELF = YES;
				CLANG_WARN_OBJC_LITERAL_CONVERSION = YES;
				CLANG_WARN_OBJC_ROOT_CLASS = YES_ERROR;
				CLANG_WARN_QUOTED_INCLUDE_IN_FRAMEWORK_HEADER = YES;
				CLANG_WARN_RANGE_LOOP_ANALYSIS = YES;
				CLANG_WARN_STRICT_PROTOTYPES = YES;
				CLANG_WARN_SUSPICIOUS_MOVE = YES;
				CLANG_WARN_UNGUARDED_AVAILABILITY = YES_AGGRESSIVE;
				CLANG_WARN_UNREACHABLE_CODE = YES;
				CLANG_WARN__DUPLICATE_METHOD_MATCH = YES;
				COPY_PHASE_STRIP = NO;
				DEBUG_INFORMATION_FORMAT = "dwarf-with-dsym";
				ENABLE_NS_ASSERTIONS = NO;
				ENABLE_STRICT_OBJC_MSGSEND = YES;
				GCC_C_LANGUAGE_STANDARD = gnu11;
				GCC_NO_COMMON_BLOCKS = YES;
				GCC_WARN_64_TO_32_BIT_CONVERSION = YES;
				GCC_WARN_ABOUT_RETURN_TYPE = YES_ERROR;
				GCC_WARN_UNDECLARED_SELECTOR = YES;
				GCC_WARN_UNINITIALIZED_AUTOS = YES_AGGRESSIVE;
				GCC_WARN_UNUSED_FUNCTION = YES;
				GCC_WARN_UNUSED_VARIABLE = YES;
				MACOSX_DEPLOYMENT_TARGET = 11.1;
				MTL_ENABLE_DEBUG_INFO = NO;
				MTL_FAST_MATH = YES;
				SDKROOT = macosx;
				SWIFT_COMPILATION_MODE = wholemodule;
				SWIFT_OPTIMIZATION_LEVEL = "-O";
			};
			name = Release;
		};
		6B17C482260F149B00AEC4BD /* Debug */ = {
			isa = XCBuildConfiguration;
			buildSettings = {
				CODE_SIGN_IDENTITY = "Apple Development";
				CODE_SIGN_STYLE = Automatic;
				DEVELOPMENT_TEAM = R63XSSTFHF;
				ENABLE_HARDENED_RUNTIME = YES;
				PRODUCT_NAME = "$(TARGET_NAME)";
				SWIFT_VERSION = 5.0;
			};
			name = Debug;
		};
		6B17C483260F149B00AEC4BD /* Release */ = {
			isa = XCBuildConfiguration;
			buildSettings = {
				CODE_SIGN_IDENTITY = "Apple Development";
				CODE_SIGN_STYLE = Automatic;
				DEVELOPMENT_TEAM = R63XSSTFHF;
				ENABLE_HARDENED_RUNTIME = YES;
				PRODUCT_NAME = "$(TARGET_NAME)";
				SWIFT_VERSION = 5.0;
			};
			name = Release;
		};
/* End XCBuildConfiguration section */

/* Begin XCConfigurationList section */
		6B17C475260F149B00AEC4BD /* Build configuration list for PBXProject "AlgoStudy" */ = {
			isa = XCConfigurationList;
			buildConfigurations = (
				6B17C47F260F149B00AEC4BD /* Debug */,
				6B17C480260F149B00AEC4BD /* Release */,
			);
			defaultConfigurationIsVisible = 0;
			defaultConfigurationName = Release;
		};
		6B17C481260F149B00AEC4BD /* Build configuration list for PBXNativeTarget "AlgoStudy" */ = {
			isa = XCConfigurationList;
			buildConfigurations = (
				6B17C482260F149B00AEC4BD /* Debug */,
				6B17C483260F149B00AEC4BD /* Release */,
			);
			defaultConfigurationIsVisible = 0;
			defaultConfigurationName = Release;
		};
/* End XCConfigurationList section */
	};
	rootObject = 6B17C472260F149B00AEC4BD /* Project object */;
}
