// !$*UTF8*$!
{
	archiveVersion = 1;
	classes = {
	};
	objectVersion = 50;
	objects = {

/* Begin PBXBuildFile section */
		066AB489261F20F900CB91AA /* main.swift in Sources */ = {isa = PBXBuildFile; fileRef = 066AB488261F20F900CB91AA /* main.swift */; };
/* End PBXBuildFile section */

/* Begin PBXCopyFilesBuildPhase section */
		06C258DD260E030200E287FF /* CopyFiles */ = {
			isa = PBXCopyFilesBuildPhase;
			buildActionMask = 2147483647;
			dstPath = /usr/share/man/man1/;
			dstSubfolderSpec = 0;
			files = (
			);
			runOnlyForDeploymentPostprocessing = 1;
		};
/* End PBXCopyFilesBuildPhase section */

/* Begin PBXFileReference section */
		066AB478261EFC0300CB91AA /* [BOJ] 1267.swift */ = {isa = PBXFileReference; lastKnownFileType = sourcecode.swift; path = "[BOJ] 1267.swift"; sourceTree = "<group>"; };
		066AB47D261F047200CB91AA /* [BOJ] 2309.swift */ = {isa = PBXFileReference; lastKnownFileType = sourcecode.swift; path = "[BOJ] 2309.swift"; sourceTree = "<group>"; };
		066AB483261F147B00CB91AA /* [BOJ] 11328.swift */ = {isa = PBXFileReference; lastKnownFileType = sourcecode.swift; path = "[BOJ] 11328.swift"; sourceTree = "<group>"; };
		066AB488261F20F900CB91AA /* main.swift */ = {isa = PBXFileReference; lastKnownFileType = sourcecode.swift; path = main.swift; sourceTree = "<group>"; };
		06783BEB2615D13B0028CB45 /* [BOJ] 2439.swift */ = {isa = PBXFileReference; lastKnownFileType = sourcecode.swift; path = "[BOJ] 2439.swift"; sourceTree = "<group>"; };
		06783BF12615D9E20028CB45 /* [BOJ] 2440.swift */ = {isa = PBXFileReference; lastKnownFileType = sourcecode.swift; path = "[BOJ] 2440.swift"; sourceTree = "<group>"; };
		06783BF62615DBDE0028CB45 /* [BOJ] 2441.swift */ = {isa = PBXFileReference; lastKnownFileType = sourcecode.swift; path = "[BOJ] 2441.swift"; sourceTree = "<group>"; };
		06783BFA2615E0540028CB45 /* [BOJ] 10093.swift */ = {isa = PBXFileReference; lastKnownFileType = sourcecode.swift; path = "[BOJ] 10093.swift"; sourceTree = "<group>"; };
		0699CF6A2612F1A8001C0693 /* [BOJ] 2557.swift */ = {isa = PBXFileReference; lastKnownFileType = sourcecode.swift; path = "[BOJ] 2557.swift"; sourceTree = "<group>"; };
		0699CF6F2612F21D001C0693 /* [BOJ] 10171.swift */ = {isa = PBXFileReference; lastKnownFileType = sourcecode.swift; path = "[BOJ] 10171.swift"; sourceTree = "<group>"; };
		0699CF742612F432001C0693 /* [BOJ] 10869.swift */ = {isa = PBXFileReference; lastKnownFileType = sourcecode.swift; path = "[BOJ] 10869.swift"; sourceTree = "<group>"; };
		0699CF7A2612F6F5001C0693 /* [BOJ] 10871.swift */ = {isa = PBXFileReference; lastKnownFileType = sourcecode.swift; path = "[BOJ] 10871.swift"; sourceTree = "<group>"; };
		0699CF812612FAEE001C0693 /* [BOJ] 9498.swift */ = {isa = PBXFileReference; lastKnownFileType = sourcecode.swift; path = "[BOJ] 9498.swift"; sourceTree = "<group>"; };
		0699CF862612FC06001C0693 /* [BOJ] 2752.swift */ = {isa = PBXFileReference; lastKnownFileType = sourcecode.swift; path = "[BOJ] 2752.swift"; sourceTree = "<group>"; };
		0699CF8B2612FD3C001C0693 /* [BOJ] 2753.swift */ = {isa = PBXFileReference; lastKnownFileType = sourcecode.swift; path = "[BOJ] 2753.swift"; sourceTree = "<group>"; };
		0699CF902612FEB8001C0693 /* [BOJ] 2480.swift */ = {isa = PBXFileReference; lastKnownFileType = sourcecode.swift; path = "[BOJ] 2480.swift"; sourceTree = "<group>"; };
		0699CF952613017B001C0693 /* [BOJ] 2438.swift */ = {isa = PBXFileReference; lastKnownFileType = sourcecode.swift; path = "[BOJ] 2438.swift"; sourceTree = "<group>"; };
		06C258DF260E030200E287FF /* JeonPanGeun */ = {isa = PBXFileReference; explicitFileType = "compiled.mach-o.executable"; includeInIndex = 0; path = JeonPanGeun; sourceTree = BUILT_PRODUCTS_DIR; };
		06C258E2260E030200E287FF /* [BOJ] 1000.swift */ = {isa = PBXFileReference; lastKnownFileType = sourcecode.swift; path = "[BOJ] 1000.swift"; sourceTree = "<group>"; };
/* End PBXFileReference section */

/* Begin PBXFrameworksBuildPhase section */
		06C258DC260E030200E287FF /* Frameworks */ = {
			isa = PBXFrameworksBuildPhase;
			buildActionMask = 2147483647;
			files = (
			);
			runOnlyForDeploymentPostprocessing = 0;
		};
/* End PBXFrameworksBuildPhase section */

/* Begin PBXGroup section */
		0699CF662612F17E001C0693 /* 1주차 */ = {
			isa = PBXGroup;
			children = (
				06C258E2260E030200E287FF /* [BOJ] 1000.swift */,
				0699CF6A2612F1A8001C0693 /* [BOJ] 2557.swift */,
				0699CF6F2612F21D001C0693 /* [BOJ] 10171.swift */,
				0699CF742612F432001C0693 /* [BOJ] 10869.swift */,
				0699CF7A2612F6F5001C0693 /* [BOJ] 10871.swift */,
				0699CF812612FAEE001C0693 /* [BOJ] 9498.swift */,
				0699CF862612FC06001C0693 /* [BOJ] 2752.swift */,
				0699CF8B2612FD3C001C0693 /* [BOJ] 2753.swift */,
				0699CF902612FEB8001C0693 /* [BOJ] 2480.swift */,
				0699CF952613017B001C0693 /* [BOJ] 2438.swift */,
				06783BEB2615D13B0028CB45 /* [BOJ] 2439.swift */,
				06783BF12615D9E20028CB45 /* [BOJ] 2440.swift */,
				06783BF62615DBDE0028CB45 /* [BOJ] 2441.swift */,
				06783BFA2615E0540028CB45 /* [BOJ] 10093.swift */,
				066AB478261EFC0300CB91AA /* [BOJ] 1267.swift */,
				066AB47D261F047200CB91AA /* [BOJ] 2309.swift */,
				066AB483261F147B00CB91AA /* [BOJ] 11328.swift */,
				066AB488261F20F900CB91AA /* main.swift */,
			);
			name = "1주차";
			path = "1주차";
			sourceTree = "<group>";
		};
		06C258D6260E030200E287FF = {
			isa = PBXGroup;
			children = (
				06C258E1260E030200E287FF /* JeonPanGeun */,
				06C258E0260E030200E287FF /* Products */,
			);
			sourceTree = "<group>";
		};
		06C258E0260E030200E287FF /* Products */ = {
			isa = PBXGroup;
			children = (
				06C258DF260E030200E287FF /* JeonPanGeun */,
			);
			name = Products;
			sourceTree = "<group>";
		};
		06C258E1260E030200E287FF /* JeonPanGeun */ = {
			isa = PBXGroup;
			children = (
				0699CF662612F17E001C0693 /* 1주차 */,
			);
			path = JeonPanGeun;
			sourceTree = "<group>";
		};
/* End PBXGroup section */

/* Begin PBXNativeTarget section */
		06C258DE260E030200E287FF /* JeonPanGeun */ = {
			isa = PBXNativeTarget;
			buildConfigurationList = 06C258E6260E030200E287FF /* Build configuration list for PBXNativeTarget "JeonPanGeun" */;
			buildPhases = (
				06C258DB260E030200E287FF /* Sources */,
				06C258DC260E030200E287FF /* Frameworks */,
				06C258DD260E030200E287FF /* CopyFiles */,
			);
			buildRules = (
			);
			dependencies = (
			);
			name = JeonPanGeun;
			productName = JeonPanGeun;
			productReference = 06C258DF260E030200E287FF /* JeonPanGeun */;
			productType = "com.apple.product-type.tool";
		};
/* End PBXNativeTarget section */

/* Begin PBXProject section */
		06C258D7260E030200E287FF /* Project object */ = {
			isa = PBXProject;
			attributes = {
				LastSwiftUpdateCheck = 1240;
				LastUpgradeCheck = 1240;
				TargetAttributes = {
					06C258DE260E030200E287FF = {
						CreatedOnToolsVersion = 12.4;
						LastSwiftMigration = 1240;
					};
				};
			};
			buildConfigurationList = 06C258DA260E030200E287FF /* Build configuration list for PBXProject "JeonPanGeun" */;
			compatibilityVersion = "Xcode 9.3";
			developmentRegion = en;
			hasScannedForEncodings = 0;
			knownRegions = (
				en,
				Base,
			);
			mainGroup = 06C258D6260E030200E287FF;
			productRefGroup = 06C258E0260E030200E287FF /* Products */;
			projectDirPath = "";
			projectRoot = "";
			targets = (
				06C258DE260E030200E287FF /* JeonPanGeun */,
			);
		};
/* End PBXProject section */

/* Begin PBXSourcesBuildPhase section */
		06C258DB260E030200E287FF /* Sources */ = {
			isa = PBXSourcesBuildPhase;
			buildActionMask = 2147483647;
			files = (
				066AB489261F20F900CB91AA /* main.swift in Sources */,
			);
			runOnlyForDeploymentPostprocessing = 0;
		};
/* End PBXSourcesBuildPhase section */

/* Begin XCBuildConfiguration section */
		06C258E4260E030200E287FF /* Debug */ = {
			isa = XCBuildConfiguration;
			buildSettings = {
				ALWAYS_SEARCH_USER_PATHS = NO;
				CLANG_ANALYZER_NONNULL = YES;
				CLANG_ANALYZER_NUMBER_OBJECT_CONVERSION = YES_AGGRESSIVE;
				CLANG_CXX_LANGUAGE_STANDARD = "gnu++14";
				CLANG_CXX_LIBRARY = "libc++";
				CLANG_ENABLE_MODULES = YES;
				CLANG_ENABLE_OBJC_ARC = YES;
				CLANG_ENABLE_OBJC_WEAK = YES;
				CLANG_WARN_BLOCK_CAPTURE_AUTORELEASING = YES;
				CLANG_WARN_BOOL_CONVERSION = YES;
				CLANG_WARN_COMMA = YES;
				CLANG_WARN_CONSTANT_CONVERSION = YES;
				CLANG_WARN_DEPRECATED_OBJC_IMPLEMENTATIONS = YES;
				CLANG_WARN_DIRECT_OBJC_ISA_USAGE = YES_ERROR;
				CLANG_WARN_DOCUMENTATION_COMMENTS = YES;
				CLANG_WARN_EMPTY_BODY = YES;
				CLANG_WARN_ENUM_CONVERSION = YES;
				CLANG_WARN_INFINITE_RECURSION = YES;
				CLANG_WARN_INT_CONVERSION = YES;
				CLANG_WARN_NON_LITERAL_NULL_CONVERSION = YES;
				CLANG_WARN_OBJC_IMPLICIT_RETAIN_SELF = YES;
				CLANG_WARN_OBJC_LITERAL_CONVERSION = YES;
				CLANG_WARN_OBJC_ROOT_CLASS = YES_ERROR;
				CLANG_WARN_QUOTED_INCLUDE_IN_FRAMEWORK_HEADER = YES;
				CLANG_WARN_RANGE_LOOP_ANALYSIS = YES;
				CLANG_WARN_STRICT_PROTOTYPES = YES;
				CLANG_WARN_SUSPICIOUS_MOVE = YES;
				CLANG_WARN_UNGUARDED_AVAILABILITY = YES_AGGRESSIVE;
				CLANG_WARN_UNREACHABLE_CODE = YES;
				CLANG_WARN__DUPLICATE_METHOD_MATCH = YES;
				COPY_PHASE_STRIP = NO;
				DEBUG_INFORMATION_FORMAT = dwarf;
				ENABLE_STRICT_OBJC_MSGSEND = YES;
				ENABLE_TESTABILITY = YES;
				GCC_C_LANGUAGE_STANDARD = gnu11;
				GCC_DYNAMIC_NO_PIC = NO;
				GCC_NO_COMMON_BLOCKS = YES;
				GCC_OPTIMIZATION_LEVEL = 0;
				GCC_PREPROCESSOR_DEFINITIONS = (
					"DEBUG=1",
					"$(inherited)",
				);
				GCC_WARN_64_TO_32_BIT_CONVERSION = YES;
				GCC_WARN_ABOUT_RETURN_TYPE = YES_ERROR;
				GCC_WARN_UNDECLARED_SELECTOR = YES;
				GCC_WARN_UNINITIALIZED_AUTOS = YES_AGGRESSIVE;
				GCC_WARN_UNUSED_FUNCTION = YES;
				GCC_WARN_UNUSED_VARIABLE = YES;
				MACOSX_DEPLOYMENT_TARGET = 11.1;
				MTL_ENABLE_DEBUG_INFO = INCLUDE_SOURCE;
				MTL_FAST_MATH = YES;
				ONLY_ACTIVE_ARCH = YES;
				SDKROOT = macosx;
				SWIFT_ACTIVE_COMPILATION_CONDITIONS = DEBUG;
				SWIFT_OPTIMIZATION_LEVEL = "-Onone";
			};
			name = Debug;
		};
		06C258E5260E030200E287FF /* Release */ = {
			isa = XCBuildConfiguration;
			buildSettings = {
				ALWAYS_SEARCH_USER_PATHS = NO;
				CLANG_ANALYZER_NONNULL = YES;
				CLANG_ANALYZER_NUMBER_OBJECT_CONVERSION = YES_AGGRESSIVE;
				CLANG_CXX_LANGUAGE_STANDARD = "gnu++14";
				CLANG_CXX_LIBRARY = "libc++";
				CLANG_ENABLE_MODULES = YES;
				CLANG_ENABLE_OBJC_ARC = YES;
				CLANG_ENABLE_OBJC_WEAK = YES;
				CLANG_WARN_BLOCK_CAPTURE_AUTORELEASING = YES;
				CLANG_WARN_BOOL_CONVERSION = YES;
				CLANG_WARN_COMMA = YES;
				CLANG_WARN_CONSTANT_CONVERSION = YES;
				CLANG_WARN_DEPRECATED_OBJC_IMPLEMENTATIONS = YES;
				CLANG_WARN_DIRECT_OBJC_ISA_USAGE = YES_ERROR;
				CLANG_WARN_DOCUMENTATION_COMMENTS = YES;
				CLANG_WARN_EMPTY_BODY = YES;
				CLANG_WARN_ENUM_CONVERSION = YES;
				CLANG_WARN_INFINITE_RECURSION = YES;
				CLANG_WARN_INT_CONVERSION = YES;
				CLANG_WARN_NON_LITERAL_NULL_CONVERSION = YES;
				CLANG_WARN_OBJC_IMPLICIT_RETAIN_SELF = YES;
				CLANG_WARN_OBJC_LITERAL_CONVERSION = YES;
				CLANG_WARN_OBJC_ROOT_CLASS = YES_ERROR;
				CLANG_WARN_QUOTED_INCLUDE_IN_FRAMEWORK_HEADER = YES;
				CLANG_WARN_RANGE_LOOP_ANALYSIS = YES;
				CLANG_WARN_STRICT_PROTOTYPES = YES;
				CLANG_WARN_SUSPICIOUS_MOVE = YES;
				CLANG_WARN_UNGUARDED_AVAILABILITY = YES_AGGRESSIVE;
				CLANG_WARN_UNREACHABLE_CODE = YES;
				CLANG_WARN__DUPLICATE_METHOD_MATCH = YES;
				COPY_PHASE_STRIP = NO;
				DEBUG_INFORMATION_FORMAT = "dwarf-with-dsym";
				ENABLE_NS_ASSERTIONS = NO;
				ENABLE_STRICT_OBJC_MSGSEND = YES;
				GCC_C_LANGUAGE_STANDARD = gnu11;
				GCC_NO_COMMON_BLOCKS = YES;
				GCC_WARN_64_TO_32_BIT_CONVERSION = YES;
				GCC_WARN_ABOUT_RETURN_TYPE = YES_ERROR;
				GCC_WARN_UNDECLARED_SELECTOR = YES;
				GCC_WARN_UNINITIALIZED_AUTOS = YES_AGGRESSIVE;
				GCC_WARN_UNUSED_FUNCTION = YES;
				GCC_WARN_UNUSED_VARIABLE = YES;
				MACOSX_DEPLOYMENT_TARGET = 11.1;
				MTL_ENABLE_DEBUG_INFO = NO;
				MTL_FAST_MATH = YES;
				SDKROOT = macosx;
				SWIFT_COMPILATION_MODE = wholemodule;
				SWIFT_OPTIMIZATION_LEVEL = "-O";
			};
			name = Release;
		};
		06C258E7260E030200E287FF /* Debug */ = {
			isa = XCBuildConfiguration;
			buildSettings = {
				CLANG_ENABLE_MODULES = YES;
				CODE_SIGN_STYLE = Automatic;
				DEVELOPMENT_TEAM = RKSNRHW63A;
				ENABLE_HARDENED_RUNTIME = YES;
				LD_RUNPATH_SEARCH_PATHS = (
					"$(inherited)",
					"@executable_path/../Frameworks",
					"@loader_path/../Frameworks",
				);
				PRODUCT_NAME = "$(TARGET_NAME)";
				SWIFT_OBJC_BRIDGING_HEADER = "JeonPanGeun/1주차/JeonPanGeun-Bridging-Header.h";
				SWIFT_OPTIMIZATION_LEVEL = "-Onone";
				SWIFT_VERSION = 5.0;
			};
			name = Debug;
		};
		06C258E8260E030200E287FF /* Release */ = {
			isa = XCBuildConfiguration;
			buildSettings = {
				CLANG_ENABLE_MODULES = YES;
				CODE_SIGN_STYLE = Automatic;
				DEVELOPMENT_TEAM = RKSNRHW63A;
				ENABLE_HARDENED_RUNTIME = YES;
				LD_RUNPATH_SEARCH_PATHS = (
					"$(inherited)",
					"@executable_path/../Frameworks",
					"@loader_path/../Frameworks",
				);
				PRODUCT_NAME = "$(TARGET_NAME)";
				SWIFT_OBJC_BRIDGING_HEADER = "JeonPanGeun/1주차/JeonPanGeun-Bridging-Header.h";
				SWIFT_VERSION = 5.0;
			};
			name = Release;
		};
/* End XCBuildConfiguration section */

/* Begin XCConfigurationList section */
		06C258DA260E030200E287FF /* Build configuration list for PBXProject "JeonPanGeun" */ = {
			isa = XCConfigurationList;
			buildConfigurations = (
				06C258E4260E030200E287FF /* Debug */,
				06C258E5260E030200E287FF /* Release */,
			);
			defaultConfigurationIsVisible = 0;
			defaultConfigurationName = Release;
		};
		06C258E6260E030200E287FF /* Build configuration list for PBXNativeTarget "JeonPanGeun" */ = {
			isa = XCConfigurationList;
			buildConfigurations = (
				06C258E7260E030200E287FF /* Debug */,
				06C258E8260E030200E287FF /* Release */,
			);
			defaultConfigurationIsVisible = 0;
			defaultConfigurationName = Release;
		};
/* End XCConfigurationList section */
	};
	rootObject = 06C258D7260E030200E287FF /* Project object */;
}
